
Microsoft Visual Studio Solution File, Format Version 12.00
# Visual Studio 15
VisualStudioVersion = 15.0.26430.6
MinimumVisualStudioVersion = 10.0.40219.1
Project("{FAE04EC0-301F-11D3-BF4B-00C04F79EFBC}") = "Day13-Knights", "Day13-Knights\Day13-Knights.csproj", "{558DA858-ED0F-47B1-A7C5-E9C93A97D156}"
EndProject
Project("{FAE04EC0-301F-11D3-BF4B-00C04F79EFBC}") = "Day14-Reindeer", "Day14-Reindeer\Day14-Reindeer.csproj", "{2963E837-D57B-46BE-AD64-7568B15CB391}"
EndProject
Project("{FAE04EC0-301F-11D3-BF4B-00C04F79EFBC}") = "Day15-Hungry", "Day15-Hungry\Day15-Hungry.csproj", "{31D35CC7-D34E-416D-8495-F67257CBEF04}"
EndProject
Project("{FAE04EC0-301F-11D3-BF4B-00C04F79EFBC}") = "Day16-Sue", "Day16-Sue\Day16-Sue.csproj", "{170F16CE-206E-4C66-843D-FA534D4EA4DD}"
EndProject
Project("{FAE04EC0-301F-11D3-BF4B-00C04F79EFBC}") = "Day17-NoSuchThing", "Day17-NoSuchThing\Day17-NoSuchThing.csproj", "{352EBC28-ABE5-4C72-835B-F7653756C520}"
EndProject
Project("{FAE04EC0-301F-11D3-BF4B-00C04F79EFBC}") = "Day18-GifForYourYard", "Day18-GifForYourYard\Day18-GifForYourYard.csproj", "{10752236-8F06-4E57-BCFE-11F98D119B5A}"
EndProject
Project("{FAE04EC0-301F-11D3-BF4B-00C04F79EFBC}") = "Day19-Rudolph", "Day19-Rudolph\Day19-Rudolph.csproj", "{1FA87DFE-E7C7-4376-945E-5FB09ECBDAC0}"
EndProject
Project("{FAE04EC0-301F-11D3-BF4B-00C04F79EFBC}") = "Day1 - InverseCaptcha", "2017Day1 - InverseCaptcha\Day1 - InverseCaptcha.csproj", "{F61DB2A0-F42F-443D-B129-AA0CBDD7F365}"
EndProject
Project("{2150E333-8FDC-42A3-9474-1A3956D46DE8}") = "2017", "2017", "{9D1B5B45-8805-42FD-8AD9-A4D2039D9E8E}"
EndProject
Project("{2150E333-8FDC-42A3-9474-1A3956D46DE8}") = "2015", "2015", "{7C19DFD6-EAB2-4E9B-972B-84F8E223ABFF}"
EndProject
Project("{FAE04EC0-301F-11D3-BF4B-00C04F79EFBC}") = "Day3-SpiralMemory", "Day3-SpiralMemory\Day3-SpiralMemory.csproj", "{DFCF5083-05C3-4AC1-B971-567CA643C613}"
EndProject
Project("{FAE04EC0-301F-11D3-BF4B-00C04F79EFBC}") = "Day2-CorruptionChecksum", "Day2-CorruptionChecksum\Day2-CorruptionChecksum.csproj", "{6917FA64-3977-4291-AA23-D1647747A997}"
EndProject
Project("{FAE04EC0-301F-11D3-BF4B-00C04F79EFBC}") = "Day4-HighEntropyPassphrases", "Day4-HighEntropyPassphrases\Day4-HighEntropyPassphrases.csproj", "{113C7EF2-8687-4B1E-A27D-708E436E52B7}"
EndProject
Global
	GlobalSection(SolutionConfigurationPlatforms) = preSolution
		Debug|Any CPU = Debug|Any CPU
		Release|Any CPU = Release|Any CPU
	EndGlobalSection
	GlobalSection(ProjectConfigurationPlatforms) = postSolution
		{558DA858-ED0F-47B1-A7C5-E9C93A97D156}.Debug|Any CPU.ActiveCfg = Debug|Any CPU
		{558DA858-ED0F-47B1-A7C5-E9C93A97D156}.Debug|Any CPU.Build.0 = Debug|Any CPU
		{558DA858-ED0F-47B1-A7C5-E9C93A97D156}.Release|Any CPU.ActiveCfg = Release|Any CPU
		{558DA858-ED0F-47B1-A7C5-E9C93A97D156}.Release|Any CPU.Build.0 = Release|Any CPU
		{2963E837-D57B-46BE-AD64-7568B15CB391}.Debug|Any CPU.ActiveCfg = Debug|Any CPU
		{2963E837-D57B-46BE-AD64-7568B15CB391}.Debug|Any CPU.Build.0 = Debug|Any CPU
		{2963E837-D57B-46BE-AD64-7568B15CB391}.Release|Any CPU.ActiveCfg = Release|Any CPU
		{2963E837-D57B-46BE-AD64-7568B15CB391}.Release|Any CPU.Build.0 = Release|Any CPU
		{31D35CC7-D34E-416D-8495-F67257CBEF04}.Debug|Any CPU.ActiveCfg = Debug|Any CPU
		{31D35CC7-D34E-416D-8495-F67257CBEF04}.Debug|Any CPU.Build.0 = Debug|Any CPU
		{31D35CC7-D34E-416D-8495-F67257CBEF04}.Release|Any CPU.ActiveCfg = Release|Any CPU
		{31D35CC7-D34E-416D-8495-F67257CBEF04}.Release|Any CPU.Build.0 = Release|Any CPU
		{170F16CE-206E-4C66-843D-FA534D4EA4DD}.Debug|Any CPU.ActiveCfg = Debug|Any CPU
		{170F16CE-206E-4C66-843D-FA534D4EA4DD}.Debug|Any CPU.Build.0 = Debug|Any CPU
		{170F16CE-206E-4C66-843D-FA534D4EA4DD}.Release|Any CPU.ActiveCfg = Release|Any CPU
		{170F16CE-206E-4C66-843D-FA534D4EA4DD}.Release|Any CPU.Build.0 = Release|Any CPU
		{352EBC28-ABE5-4C72-835B-F7653756C520}.Debug|Any CPU.ActiveCfg = Debug|Any CPU
		{352EBC28-ABE5-4C72-835B-F7653756C520}.Debug|Any CPU.Build.0 = Debug|Any CPU
		{352EBC28-ABE5-4C72-835B-F7653756C520}.Release|Any CPU.ActiveCfg = Release|Any CPU
		{352EBC28-ABE5-4C72-835B-F7653756C520}.Release|Any CPU.Build.0 = Release|Any CPU
		{10752236-8F06-4E57-BCFE-11F98D119B5A}.Debug|Any CPU.ActiveCfg = Debug|Any CPU
		{10752236-8F06-4E57-BCFE-11F98D119B5A}.Debug|Any CPU.Build.0 = Debug|Any CPU
		{10752236-8F06-4E57-BCFE-11F98D119B5A}.Release|Any CPU.ActiveCfg = Release|Any CPU
		{10752236-8F06-4E57-BCFE-11F98D119B5A}.Release|Any CPU.Build.0 = Release|Any CPU
		{1FA87DFE-E7C7-4376-945E-5FB09ECBDAC0}.Debug|Any CPU.ActiveCfg = Debug|Any CPU
		{1FA87DFE-E7C7-4376-945E-5FB09ECBDAC0}.Debug|Any CPU.Build.0 = Debug|Any CPU
		{1FA87DFE-E7C7-4376-945E-5FB09ECBDAC0}.Release|Any CPU.ActiveCfg = Release|Any CPU
		{1FA87DFE-E7C7-4376-945E-5FB09ECBDAC0}.Release|Any CPU.Build.0 = Release|Any CPU
		{F61DB2A0-F42F-443D-B129-AA0CBDD7F365}.Debug|Any CPU.ActiveCfg = Debug|Any CPU
		{F61DB2A0-F42F-443D-B129-AA0CBDD7F365}.Debug|Any CPU.Build.0 = Debug|Any CPU
		{F61DB2A0-F42F-443D-B129-AA0CBDD7F365}.Release|Any CPU.ActiveCfg = Release|Any CPU
		{F61DB2A0-F42F-443D-B129-AA0CBDD7F365}.Release|Any CPU.Build.0 = Release|Any CPU
		{DFCF5083-05C3-4AC1-B971-567CA643C613}.Debug|Any CPU.ActiveCfg = Debug|Any CPU
		{DFCF5083-05C3-4AC1-B971-567CA643C613}.Debug|Any CPU.Build.0 = Debug|Any CPU
		{DFCF5083-05C3-4AC1-B971-567CA643C613}.Release|Any CPU.ActiveCfg = Release|Any CPU
		{DFCF5083-05C3-4AC1-B971-567CA643C613}.Release|Any CPU.Build.0 = Release|Any CPU
		{6917FA64-3977-4291-AA23-D1647747A997}.Debug|Any CPU.ActiveCfg = Debug|Any CPU
		{6917FA64-3977-4291-AA23-D1647747A997}.Debug|Any CPU.Build.0 = Debug|Any CPU
		{6917FA64-3977-4291-AA23-D1647747A997}.Release|Any CPU.ActiveCfg = Release|Any CPU
		{6917FA64-3977-4291-AA23-D1647747A997}.Release|Any CPU.Build.0 = Release|Any CPU
		{113C7EF2-8687-4B1E-A27D-708E436E52B7}.Debug|Any CPU.ActiveCfg = Debug|Any CPU
		{113C7EF2-8687-4B1E-A27D-708E436E52B7}.Debug|Any CPU.Build.0 = Debug|Any CPU
		{113C7EF2-8687-4B1E-A27D-708E436E52B7}.Release|Any CPU.ActiveCfg = Release|Any CPU
		{113C7EF2-8687-4B1E-A27D-708E436E52B7}.Release|Any CPU.Build.0 = Release|Any CPU
	EndGlobalSection
	GlobalSection(SolutionProperties) = preSolution
		HideSolutionNode = FALSE
	EndGlobalSection
	GlobalSection(NestedProjects) = preSolution
		{558DA858-ED0F-47B1-A7C5-E9C93A97D156} = {7C19DFD6-EAB2-4E9B-972B-84F8E223ABFF}
		{2963E837-D57B-46BE-AD64-7568B15CB391} = {7C19DFD6-EAB2-4E9B-972B-84F8E223ABFF}
		{31D35CC7-D34E-416D-8495-F67257CBEF04} = {7C19DFD6-EAB2-4E9B-972B-84F8E223ABFF}
		{170F16CE-206E-4C66-843D-FA534D4EA4DD} = {7C19DFD6-EAB2-4E9B-972B-84F8E223ABFF}
		{352EBC28-ABE5-4C72-835B-F7653756C520} = {7C19DFD6-EAB2-4E9B-972B-84F8E223ABFF}
		{10752236-8F06-4E57-BCFE-11F98D119B5A} = {7C19DFD6-EAB2-4E9B-972B-84F8E223ABFF}
		{1FA87DFE-E7C7-4376-945E-5FB09ECBDAC0} = {7C19DFD6-EAB2-4E9B-972B-84F8E223ABFF}
		{F61DB2A0-F42F-443D-B129-AA0CBDD7F365} = {9D1B5B45-8805-42FD-8AD9-A4D2039D9E8E}
		{DFCF5083-05C3-4AC1-B971-567CA643C613} = {9D1B5B45-8805-42FD-8AD9-A4D2039D9E8E}
		{6917FA64-3977-4291-AA23-D1647747A997} = {9D1B5B45-8805-42FD-8AD9-A4D2039D9E8E}
		{113C7EF2-8687-4B1E-A27D-708E436E52B7} = {9D1B5B45-8805-42FD-8AD9-A4D2039D9E8E}
	EndGlobalSection
EndGlobal
