
Microsoft Visual Studio Solution File, Format Version 12.00
# Visual Studio 15
VisualStudioVersion = 15.0.26403.7
MinimumVisualStudioVersion = 10.0.40219.1
Project("{FAE04EC0-301F-11D3-BF4B-00C04F79EFBC}") = "Day13-Knights", "Day13-Knights\Day13-Knights.csproj", "{558DA858-ED0F-47B1-A7C5-E9C93A97D156}"
EndProject
Project("{FAE04EC0-301F-11D3-BF4B-00C04F79EFBC}") = "Day14-Reindeer", "Day14-Reindeer\Day14-Reindeer.csproj", "{2963E837-D57B-46BE-AD64-7568B15CB391}"
EndProject
Project("{FAE04EC0-301F-11D3-BF4B-00C04F79EFBC}") = "Day15-Hungry", "Day15-Hungry\Day15-Hungry.csproj", "{31D35CC7-D34E-416D-8495-F67257CBEF04}"
EndProject
Global
	GlobalSection(SolutionConfigurationPlatforms) = preSolution
		Debug|Any CPU = Debug|Any CPU
		Release|Any CPU = Release|Any CPU
	EndGlobalSection
	GlobalSection(ProjectConfigurationPlatforms) = postSolution
		{558DA858-ED0F-47B1-A7C5-E9C93A97D156}.Debug|Any CPU.ActiveCfg = Debug|Any CPU
		{558DA858-ED0F-47B1-A7C5-E9C93A97D156}.Debug|Any CPU.Build.0 = Debug|Any CPU
		{558DA858-ED0F-47B1-A7C5-E9C93A97D156}.Release|Any CPU.ActiveCfg = Release|Any CPU
		{558DA858-ED0F-47B1-A7C5-E9C93A97D156}.Release|Any CPU.Build.0 = Release|Any CPU
		{2963E837-D57B-46BE-AD64-7568B15CB391}.Debug|Any CPU.ActiveCfg = Debug|Any CPU
		{2963E837-D57B-46BE-AD64-7568B15CB391}.Debug|Any CPU.Build.0 = Debug|Any CPU
		{2963E837-D57B-46BE-AD64-7568B15CB391}.Release|Any CPU.ActiveCfg = Release|Any CPU
		{2963E837-D57B-46BE-AD64-7568B15CB391}.Release|Any CPU.Build.0 = Release|Any CPU
		{31D35CC7-D34E-416D-8495-F67257CBEF04}.Debug|Any CPU.ActiveCfg = Debug|Any CPU
		{31D35CC7-D34E-416D-8495-F67257CBEF04}.Debug|Any CPU.Build.0 = Debug|Any CPU
		{31D35CC7-D34E-416D-8495-F67257CBEF04}.Release|Any CPU.ActiveCfg = Release|Any CPU
		{31D35CC7-D34E-416D-8495-F67257CBEF04}.Release|Any CPU.Build.0 = Release|Any CPU
	EndGlobalSection
	GlobalSection(SolutionProperties) = preSolution
		HideSolutionNode = FALSE
	EndGlobalSection
EndGlobal
