
Microsoft Visual Studio Solution File, Format Version 12.00
# Visual Studio 14
VisualStudioVersion = 14.0.25420.1
MinimumVisualStudioVersion = 10.0.40219.1
Project("{FAE04EC0-301F-11D3-BF4B-00C04F79EFBC}") = "Day13-Knights", "Day13-Knights\Day13-Knights.csproj", "{558DA858-ED0F-47B1-A7C5-E9C93A97D156}"
EndProject
Project("{FAE04EC0-301F-11D3-BF4B-00C04F79EFBC}") = "Day14-Reindeer", "Day14-Reindeer\Day14-Reindeer.csproj", "{2963E837-D57B-46BE-AD64-7568B15CB391}"
EndProject
Project("{FAE04EC0-301F-11D3-BF4B-00C04F79EFBC}") = "Day15-Hungry", "Day15-Hungry\Day15-Hungry.csproj", "{31D35CC7-D34E-416D-8495-F67257CBEF04}"
EndProject
Project("{FAE04EC0-301F-11D3-BF4B-00C04F79EFBC}") = "Day16-Sue", "Day16-Sue\Day16-Sue.csproj", "{170F16CE-206E-4C66-843D-FA534D4EA4DD}"
EndProject
Project("{FAE04EC0-301F-11D3-BF4B-00C04F79EFBC}") = "Day17-NoSuchThing", "Day17-NoSuchThing\Day17-NoSuchThing.csproj", "{352EBC28-ABE5-4C72-835B-F7653756C520}"
EndProject
Project("{FAE04EC0-301F-11D3-BF4B-00C04F79EFBC}") = "Day18-GifForYourYard", "Day18-GifForYourYard\Day18-GifForYourYard.csproj", "{10752236-8F06-4E57-BCFE-11F98D119B5A}"
EndProject
Project("{FAE04EC0-301F-11D3-BF4B-00C04F79EFBC}") = "Day19-Rudolph", "Day19-Rudolph\Day19-Rudolph.csproj", "{1FA87DFE-E7C7-4376-945E-5FB09ECBDAC0}"
EndProject
Project("{FAE04EC0-301F-11D3-BF4B-00C04F79EFBC}") = "Day1 - InverseCaptcha", "2017Day1 - InverseCaptcha\Day1 - InverseCaptcha.csproj", "{F61DB2A0-F42F-443D-B129-AA0CBDD7F365}"
EndProject
Project("{2150E333-8FDC-42A3-9474-1A3956D46DE8}") = "2017", "2017", "{9D1B5B45-8805-42FD-8AD9-A4D2039D9E8E}"
EndProject
Project("{2150E333-8FDC-42A3-9474-1A3956D46DE8}") = "2015", "2015", "{7C19DFD6-EAB2-4E9B-972B-84F8E223ABFF}"
EndProject
Project("{FAE04EC0-301F-11D3-BF4B-00C04F79EFBC}") = "Day3-SpiralMemory", "Day3-SpiralMemory\Day3-SpiralMemory.csproj", "{DFCF5083-05C3-4AC1-B971-567CA643C613}"
EndProject
Project("{FAE04EC0-301F-11D3-BF4B-00C04F79EFBC}") = "Day2-CorruptionChecksum", "Day2-CorruptionChecksum\Day2-CorruptionChecksum.csproj", "{6917FA64-3977-4291-AA23-D1647747A997}"
EndProject
Project("{FAE04EC0-301F-11D3-BF4B-00C04F79EFBC}") = "Day4-HighEntropyPassphrases", "Day4-HighEntropyPassphrases\Day4-HighEntropyPassphrases.csproj", "{113C7EF2-8687-4B1E-A27D-708E436E52B7}"
EndProject
Project("{FAE04EC0-301F-11D3-BF4B-00C04F79EFBC}") = "Day5-Maze", "Day5-Maze\Day5-Maze.csproj", "{86F14DDE-0922-4807-AA9F-E59D2E62C0AE}"
EndProject
Project("{FAE04EC0-301F-11D3-BF4B-00C04F79EFBC}") = "Day6-Realocation", "Day6-Realocation\Day6-Realocation.csproj", "{3550E8B0-87FF-4F7F-AD32-65E1583E62D9}"
EndProject
Project("{FAE04EC0-301F-11D3-BF4B-00C04F79EFBC}") = "Day7-RecursiveCircuits", "Day7-RecursiveCircuits\Day7-RecursiveCircuits.csproj", "{CC223B8A-3BD3-4C69-9C24-D9345D6FF327}"
EndProject
Project("{FAE04EC0-301F-11D3-BF4B-00C04F79EFBC}") = "Day8-Registers", "Day8-Registers\Day8-Registers.csproj", "{95DF087F-9228-40B2-9BA6-33DAABD4A1E5}"
EndProject
Project("{FAE04EC0-301F-11D3-BF4B-00C04F79EFBC}") = "Day9-StreamProcessing", "Day9-StreamProcessing\Day9-StreamProcessing.csproj", "{251E084E-15ED-4493-9BB8-1F28059D4704}"
EndProject
Project("{FAE04EC0-301F-11D3-BF4B-00C04F79EFBC}") = "Day10-KnotHash", "Day10-KnotHash\Day10-KnotHash.csproj", "{CA72E279-0815-4265-9A65-860C47A32133}"
EndProject
Project("{FAE04EC0-301F-11D3-BF4B-00C04F79EFBC}") = "Day11-HexEd", "Day11-HexEd\Day11-HexEd.csproj", "{76D6ED54-A922-453B-90C6-389DA19FC355}"
EndProject
Project("{FAE04EC0-301F-11D3-BF4B-00C04F79EFBC}") = "Day12-DigitalPlumber", "Day12-DigitalPlumber\Day12-DigitalPlumber.csproj", "{58FB0959-537E-4ACA-95E6-12CAF96AD084}"
EndProject
Project("{FAE04EC0-301F-11D3-BF4B-00C04F79EFBC}") = "Day13-PacketScanners", "Day13-PacketScanners\Day13-PacketScanners.csproj", "{65B77CAE-733C-4815-8AC8-F2207067A290}"
EndProject
Project("{FAE04EC0-301F-11D3-BF4B-00C04F79EFBC}") = "Day14-DiskDefrag", "Day14-DiskDefrag\Day14-DiskDefrag.csproj", "{EAF2F9FF-F05A-4204-B69E-8A37CFF726E4}"
EndProject
Project("{FAE04EC0-301F-11D3-BF4B-00C04F79EFBC}") = "Day20-InfinateElves", "Day20-InfinateElves\Day20-InfinateElves.csproj", "{5469CA26-E01C-4174-A3A9-1405A02D72EF}"
EndProject
Project("{FAE04EC0-301F-11D3-BF4B-00C04F79EFBC}") = "Day21-RPGSim", "Day21-RPGSim\Day21-RPGSim.csproj", "{545D5219-28AD-42C9-8772-0F0A3BC42666}"
EndProject
Project("{FAE04EC0-301F-11D3-BF4B-00C04F79EFBC}") = "Day22-WizardSim", "Day22-WizardSim\Day22-WizardSim.csproj", "{9D2FEC17-3F6D-4208-82A5-56441720696F}"
EndProject
Project("{FAE04EC0-301F-11D3-BF4B-00C04F79EFBC}") = "Day23-TuringLock", "Day23-TuringLock\Day23-TuringLock.csproj", "{95C50244-A02C-4EC9-BE62-780D009673FB}"
EndProject
Global
	GlobalSection(SolutionConfigurationPlatforms) = preSolution
		Debug|Any CPU = Debug|Any CPU
		Release|Any CPU = Release|Any CPU
	EndGlobalSection
	GlobalSection(ProjectConfigurationPlatforms) = postSolution
		{558DA858-ED0F-47B1-A7C5-E9C93A97D156}.Debug|Any CPU.ActiveCfg = Debug|Any CPU
		{558DA858-ED0F-47B1-A7C5-E9C93A97D156}.Debug|Any CPU.Build.0 = Debug|Any CPU
		{558DA858-ED0F-47B1-A7C5-E9C93A97D156}.Release|Any CPU.ActiveCfg = Release|Any CPU
		{558DA858-ED0F-47B1-A7C5-E9C93A97D156}.Release|Any CPU.Build.0 = Release|Any CPU
		{2963E837-D57B-46BE-AD64-7568B15CB391}.Debug|Any CPU.ActiveCfg = Debug|Any CPU
		{2963E837-D57B-46BE-AD64-7568B15CB391}.Debug|Any CPU.Build.0 = Debug|Any CPU
		{2963E837-D57B-46BE-AD64-7568B15CB391}.Release|Any CPU.ActiveCfg = Release|Any CPU
		{2963E837-D57B-46BE-AD64-7568B15CB391}.Release|Any CPU.Build.0 = Release|Any CPU
		{31D35CC7-D34E-416D-8495-F67257CBEF04}.Debug|Any CPU.ActiveCfg = Debug|Any CPU
		{31D35CC7-D34E-416D-8495-F67257CBEF04}.Debug|Any CPU.Build.0 = Debug|Any CPU
		{31D35CC7-D34E-416D-8495-F67257CBEF04}.Release|Any CPU.ActiveCfg = Release|Any CPU
		{31D35CC7-D34E-416D-8495-F67257CBEF04}.Release|Any CPU.Build.0 = Release|Any CPU
		{170F16CE-206E-4C66-843D-FA534D4EA4DD}.Debug|Any CPU.ActiveCfg = Debug|Any CPU
		{170F16CE-206E-4C66-843D-FA534D4EA4DD}.Debug|Any CPU.Build.0 = Debug|Any CPU
		{170F16CE-206E-4C66-843D-FA534D4EA4DD}.Release|Any CPU.ActiveCfg = Release|Any CPU
		{170F16CE-206E-4C66-843D-FA534D4EA4DD}.Release|Any CPU.Build.0 = Release|Any CPU
		{352EBC28-ABE5-4C72-835B-F7653756C520}.Debug|Any CPU.ActiveCfg = Debug|Any CPU
		{352EBC28-ABE5-4C72-835B-F7653756C520}.Debug|Any CPU.Build.0 = Debug|Any CPU
		{352EBC28-ABE5-4C72-835B-F7653756C520}.Release|Any CPU.ActiveCfg = Release|Any CPU
		{352EBC28-ABE5-4C72-835B-F7653756C520}.Release|Any CPU.Build.0 = Release|Any CPU
		{10752236-8F06-4E57-BCFE-11F98D119B5A}.Debug|Any CPU.ActiveCfg = Debug|Any CPU
		{10752236-8F06-4E57-BCFE-11F98D119B5A}.Debug|Any CPU.Build.0 = Debug|Any CPU
		{10752236-8F06-4E57-BCFE-11F98D119B5A}.Release|Any CPU.ActiveCfg = Release|Any CPU
		{10752236-8F06-4E57-BCFE-11F98D119B5A}.Release|Any CPU.Build.0 = Release|Any CPU
		{1FA87DFE-E7C7-4376-945E-5FB09ECBDAC0}.Debug|Any CPU.ActiveCfg = Debug|Any CPU
		{1FA87DFE-E7C7-4376-945E-5FB09ECBDAC0}.Debug|Any CPU.Build.0 = Debug|Any CPU
		{1FA87DFE-E7C7-4376-945E-5FB09ECBDAC0}.Release|Any CPU.ActiveCfg = Release|Any CPU
		{1FA87DFE-E7C7-4376-945E-5FB09ECBDAC0}.Release|Any CPU.Build.0 = Release|Any CPU
		{F61DB2A0-F42F-443D-B129-AA0CBDD7F365}.Debug|Any CPU.ActiveCfg = Debug|Any CPU
		{F61DB2A0-F42F-443D-B129-AA0CBDD7F365}.Debug|Any CPU.Build.0 = Debug|Any CPU
		{F61DB2A0-F42F-443D-B129-AA0CBDD7F365}.Release|Any CPU.ActiveCfg = Release|Any CPU
		{F61DB2A0-F42F-443D-B129-AA0CBDD7F365}.Release|Any CPU.Build.0 = Release|Any CPU
		{DFCF5083-05C3-4AC1-B971-567CA643C613}.Debug|Any CPU.ActiveCfg = Debug|Any CPU
		{DFCF5083-05C3-4AC1-B971-567CA643C613}.Debug|Any CPU.Build.0 = Debug|Any CPU
		{DFCF5083-05C3-4AC1-B971-567CA643C613}.Release|Any CPU.ActiveCfg = Release|Any CPU
		{DFCF5083-05C3-4AC1-B971-567CA643C613}.Release|Any CPU.Build.0 = Release|Any CPU
		{6917FA64-3977-4291-AA23-D1647747A997}.Debug|Any CPU.ActiveCfg = Debug|Any CPU
		{6917FA64-3977-4291-AA23-D1647747A997}.Debug|Any CPU.Build.0 = Debug|Any CPU
		{6917FA64-3977-4291-AA23-D1647747A997}.Release|Any CPU.ActiveCfg = Release|Any CPU
		{6917FA64-3977-4291-AA23-D1647747A997}.Release|Any CPU.Build.0 = Release|Any CPU
		{113C7EF2-8687-4B1E-A27D-708E436E52B7}.Debug|Any CPU.ActiveCfg = Debug|Any CPU
		{113C7EF2-8687-4B1E-A27D-708E436E52B7}.Debug|Any CPU.Build.0 = Debug|Any CPU
		{113C7EF2-8687-4B1E-A27D-708E436E52B7}.Release|Any CPU.ActiveCfg = Release|Any CPU
		{113C7EF2-8687-4B1E-A27D-708E436E52B7}.Release|Any CPU.Build.0 = Release|Any CPU
		{86F14DDE-0922-4807-AA9F-E59D2E62C0AE}.Debug|Any CPU.ActiveCfg = Debug|Any CPU
		{86F14DDE-0922-4807-AA9F-E59D2E62C0AE}.Debug|Any CPU.Build.0 = Debug|Any CPU
		{86F14DDE-0922-4807-AA9F-E59D2E62C0AE}.Release|Any CPU.ActiveCfg = Release|Any CPU
		{86F14DDE-0922-4807-AA9F-E59D2E62C0AE}.Release|Any CPU.Build.0 = Release|Any CPU
		{3550E8B0-87FF-4F7F-AD32-65E1583E62D9}.Debug|Any CPU.ActiveCfg = Debug|Any CPU
		{3550E8B0-87FF-4F7F-AD32-65E1583E62D9}.Debug|Any CPU.Build.0 = Debug|Any CPU
		{3550E8B0-87FF-4F7F-AD32-65E1583E62D9}.Release|Any CPU.ActiveCfg = Release|Any CPU
		{3550E8B0-87FF-4F7F-AD32-65E1583E62D9}.Release|Any CPU.Build.0 = Release|Any CPU
		{CC223B8A-3BD3-4C69-9C24-D9345D6FF327}.Debug|Any CPU.ActiveCfg = Debug|Any CPU
		{CC223B8A-3BD3-4C69-9C24-D9345D6FF327}.Debug|Any CPU.Build.0 = Debug|Any CPU
		{CC223B8A-3BD3-4C69-9C24-D9345D6FF327}.Release|Any CPU.ActiveCfg = Release|Any CPU
		{CC223B8A-3BD3-4C69-9C24-D9345D6FF327}.Release|Any CPU.Build.0 = Release|Any CPU
		{95DF087F-9228-40B2-9BA6-33DAABD4A1E5}.Debug|Any CPU.ActiveCfg = Debug|Any CPU
		{95DF087F-9228-40B2-9BA6-33DAABD4A1E5}.Debug|Any CPU.Build.0 = Debug|Any CPU
		{95DF087F-9228-40B2-9BA6-33DAABD4A1E5}.Release|Any CPU.ActiveCfg = Release|Any CPU
		{95DF087F-9228-40B2-9BA6-33DAABD4A1E5}.Release|Any CPU.Build.0 = Release|Any CPU
		{251E084E-15ED-4493-9BB8-1F28059D4704}.Debug|Any CPU.ActiveCfg = Debug|Any CPU
		{251E084E-15ED-4493-9BB8-1F28059D4704}.Debug|Any CPU.Build.0 = Debug|Any CPU
		{251E084E-15ED-4493-9BB8-1F28059D4704}.Release|Any CPU.ActiveCfg = Release|Any CPU
		{251E084E-15ED-4493-9BB8-1F28059D4704}.Release|Any CPU.Build.0 = Release|Any CPU
		{CA72E279-0815-4265-9A65-860C47A32133}.Debug|Any CPU.ActiveCfg = Debug|Any CPU
		{CA72E279-0815-4265-9A65-860C47A32133}.Debug|Any CPU.Build.0 = Debug|Any CPU
		{CA72E279-0815-4265-9A65-860C47A32133}.Release|Any CPU.ActiveCfg = Release|Any CPU
		{CA72E279-0815-4265-9A65-860C47A32133}.Release|Any CPU.Build.0 = Release|Any CPU
		{76D6ED54-A922-453B-90C6-389DA19FC355}.Debug|Any CPU.ActiveCfg = Debug|Any CPU
		{76D6ED54-A922-453B-90C6-389DA19FC355}.Debug|Any CPU.Build.0 = Debug|Any CPU
		{76D6ED54-A922-453B-90C6-389DA19FC355}.Release|Any CPU.ActiveCfg = Release|Any CPU
		{76D6ED54-A922-453B-90C6-389DA19FC355}.Release|Any CPU.Build.0 = Release|Any CPU
		{58FB0959-537E-4ACA-95E6-12CAF96AD084}.Debug|Any CPU.ActiveCfg = Debug|Any CPU
		{58FB0959-537E-4ACA-95E6-12CAF96AD084}.Debug|Any CPU.Build.0 = Debug|Any CPU
		{58FB0959-537E-4ACA-95E6-12CAF96AD084}.Release|Any CPU.ActiveCfg = Release|Any CPU
		{58FB0959-537E-4ACA-95E6-12CAF96AD084}.Release|Any CPU.Build.0 = Release|Any CPU
		{65B77CAE-733C-4815-8AC8-F2207067A290}.Debug|Any CPU.ActiveCfg = Debug|Any CPU
		{65B77CAE-733C-4815-8AC8-F2207067A290}.Debug|Any CPU.Build.0 = Debug|Any CPU
		{65B77CAE-733C-4815-8AC8-F2207067A290}.Release|Any CPU.ActiveCfg = Release|Any CPU
		{65B77CAE-733C-4815-8AC8-F2207067A290}.Release|Any CPU.Build.0 = Release|Any CPU
		{EAF2F9FF-F05A-4204-B69E-8A37CFF726E4}.Debug|Any CPU.ActiveCfg = Debug|Any CPU
		{EAF2F9FF-F05A-4204-B69E-8A37CFF726E4}.Debug|Any CPU.Build.0 = Debug|Any CPU
		{EAF2F9FF-F05A-4204-B69E-8A37CFF726E4}.Release|Any CPU.ActiveCfg = Release|Any CPU
		{EAF2F9FF-F05A-4204-B69E-8A37CFF726E4}.Release|Any CPU.Build.0 = Release|Any CPU
		{5469CA26-E01C-4174-A3A9-1405A02D72EF}.Debug|Any CPU.ActiveCfg = Debug|Any CPU
		{5469CA26-E01C-4174-A3A9-1405A02D72EF}.Debug|Any CPU.Build.0 = Debug|Any CPU
		{5469CA26-E01C-4174-A3A9-1405A02D72EF}.Release|Any CPU.ActiveCfg = Release|Any CPU
		{5469CA26-E01C-4174-A3A9-1405A02D72EF}.Release|Any CPU.Build.0 = Release|Any CPU
		{545D5219-28AD-42C9-8772-0F0A3BC42666}.Debug|Any CPU.ActiveCfg = Debug|Any CPU
		{545D5219-28AD-42C9-8772-0F0A3BC42666}.Debug|Any CPU.Build.0 = Debug|Any CPU
		{545D5219-28AD-42C9-8772-0F0A3BC42666}.Release|Any CPU.ActiveCfg = Release|Any CPU
		{545D5219-28AD-42C9-8772-0F0A3BC42666}.Release|Any CPU.Build.0 = Release|Any CPU
		{9D2FEC17-3F6D-4208-82A5-56441720696F}.Debug|Any CPU.ActiveCfg = Debug|Any CPU
		{9D2FEC17-3F6D-4208-82A5-56441720696F}.Debug|Any CPU.Build.0 = Debug|Any CPU
		{9D2FEC17-3F6D-4208-82A5-56441720696F}.Release|Any CPU.ActiveCfg = Release|Any CPU
		{9D2FEC17-3F6D-4208-82A5-56441720696F}.Release|Any CPU.Build.0 = Release|Any CPU
		{95C50244-A02C-4EC9-BE62-780D009673FB}.Debug|Any CPU.ActiveCfg = Debug|Any CPU
		{95C50244-A02C-4EC9-BE62-780D009673FB}.Debug|Any CPU.Build.0 = Debug|Any CPU
		{95C50244-A02C-4EC9-BE62-780D009673FB}.Release|Any CPU.ActiveCfg = Release|Any CPU
		{95C50244-A02C-4EC9-BE62-780D009673FB}.Release|Any CPU.Build.0 = Release|Any CPU
	EndGlobalSection
	GlobalSection(SolutionProperties) = preSolution
		HideSolutionNode = FALSE
	EndGlobalSection
	GlobalSection(NestedProjects) = preSolution
		{558DA858-ED0F-47B1-A7C5-E9C93A97D156} = {7C19DFD6-EAB2-4E9B-972B-84F8E223ABFF}
		{2963E837-D57B-46BE-AD64-7568B15CB391} = {7C19DFD6-EAB2-4E9B-972B-84F8E223ABFF}
		{31D35CC7-D34E-416D-8495-F67257CBEF04} = {7C19DFD6-EAB2-4E9B-972B-84F8E223ABFF}
		{170F16CE-206E-4C66-843D-FA534D4EA4DD} = {7C19DFD6-EAB2-4E9B-972B-84F8E223ABFF}
		{352EBC28-ABE5-4C72-835B-F7653756C520} = {7C19DFD6-EAB2-4E9B-972B-84F8E223ABFF}
		{10752236-8F06-4E57-BCFE-11F98D119B5A} = {7C19DFD6-EAB2-4E9B-972B-84F8E223ABFF}
		{1FA87DFE-E7C7-4376-945E-5FB09ECBDAC0} = {7C19DFD6-EAB2-4E9B-972B-84F8E223ABFF}
		{F61DB2A0-F42F-443D-B129-AA0CBDD7F365} = {9D1B5B45-8805-42FD-8AD9-A4D2039D9E8E}
		{DFCF5083-05C3-4AC1-B971-567CA643C613} = {9D1B5B45-8805-42FD-8AD9-A4D2039D9E8E}
		{6917FA64-3977-4291-AA23-D1647747A997} = {9D1B5B45-8805-42FD-8AD9-A4D2039D9E8E}
		{113C7EF2-8687-4B1E-A27D-708E436E52B7} = {9D1B5B45-8805-42FD-8AD9-A4D2039D9E8E}
		{86F14DDE-0922-4807-AA9F-E59D2E62C0AE} = {9D1B5B45-8805-42FD-8AD9-A4D2039D9E8E}
		{3550E8B0-87FF-4F7F-AD32-65E1583E62D9} = {9D1B5B45-8805-42FD-8AD9-A4D2039D9E8E}
		{CC223B8A-3BD3-4C69-9C24-D9345D6FF327} = {9D1B5B45-8805-42FD-8AD9-A4D2039D9E8E}
		{95DF087F-9228-40B2-9BA6-33DAABD4A1E5} = {9D1B5B45-8805-42FD-8AD9-A4D2039D9E8E}
		{251E084E-15ED-4493-9BB8-1F28059D4704} = {9D1B5B45-8805-42FD-8AD9-A4D2039D9E8E}
		{CA72E279-0815-4265-9A65-860C47A32133} = {9D1B5B45-8805-42FD-8AD9-A4D2039D9E8E}
		{76D6ED54-A922-453B-90C6-389DA19FC355} = {9D1B5B45-8805-42FD-8AD9-A4D2039D9E8E}
		{58FB0959-537E-4ACA-95E6-12CAF96AD084} = {9D1B5B45-8805-42FD-8AD9-A4D2039D9E8E}
		{65B77CAE-733C-4815-8AC8-F2207067A290} = {9D1B5B45-8805-42FD-8AD9-A4D2039D9E8E}
		{EAF2F9FF-F05A-4204-B69E-8A37CFF726E4} = {9D1B5B45-8805-42FD-8AD9-A4D2039D9E8E}
		{5469CA26-E01C-4174-A3A9-1405A02D72EF} = {7C19DFD6-EAB2-4E9B-972B-84F8E223ABFF}
		{545D5219-28AD-42C9-8772-0F0A3BC42666} = {7C19DFD6-EAB2-4E9B-972B-84F8E223ABFF}
		{9D2FEC17-3F6D-4208-82A5-56441720696F} = {7C19DFD6-EAB2-4E9B-972B-84F8E223ABFF}
		{95C50244-A02C-4EC9-BE62-780D009673FB} = {7C19DFD6-EAB2-4E9B-972B-84F8E223ABFF}
	EndGlobalSection
EndGlobal
